
Microsoft Visual Studio Solution File, Format Version 12.00
# Visual Studio 2012
Project("{FAE04EC0-301F-11D3-BF4B-00C04F79EFBC}") = "TrainerForLemmatizer", "TrainerForLemmatizer\TrainerForLemmatizer.csproj", "{C72D0A48-3D99-4D59-90FE-0B600B53A93A}"
EndProject
Project("{FAE04EC0-301F-11D3-BF4B-00C04F79EFBC}") = "ThreadWorkController", "ThreadWorkController\ThreadWorkController.csproj", "{58D24149-4382-4094-AF10-4FBD57659E3E}"
EndProject
Global
	GlobalSection(SolutionConfigurationPlatforms) = preSolution
		Debug|Any CPU = Debug|Any CPU
		Release|Any CPU = Release|Any CPU
	EndGlobalSection
	GlobalSection(ProjectConfigurationPlatforms) = postSolution
		{C72D0A48-3D99-4D59-90FE-0B600B53A93A}.Debug|Any CPU.ActiveCfg = Debug|Any CPU
		{C72D0A48-3D99-4D59-90FE-0B600B53A93A}.Debug|Any CPU.Build.0 = Debug|Any CPU
		{C72D0A48-3D99-4D59-90FE-0B600B53A93A}.Release|Any CPU.ActiveCfg = Release|Any CPU
		{C72D0A48-3D99-4D59-90FE-0B600B53A93A}.Release|Any CPU.Build.0 = Release|Any CPU
		{58D24149-4382-4094-AF10-4FBD57659E3E}.Debug|Any CPU.ActiveCfg = Debug|Any CPU
		{58D24149-4382-4094-AF10-4FBD57659E3E}.Debug|Any CPU.Build.0 = Debug|Any CPU
		{58D24149-4382-4094-AF10-4FBD57659E3E}.Release|Any CPU.ActiveCfg = Release|Any CPU
		{58D24149-4382-4094-AF10-4FBD57659E3E}.Release|Any CPU.Build.0 = Release|Any CPU
	EndGlobalSection
	GlobalSection(SolutionProperties) = preSolution
		HideSolutionNode = FALSE
	EndGlobalSection
EndGlobal
